// !$*UTF8*$!
{
	archiveVersion = 1;
	classes = {
	};
	objectVersion = 50;
	objects = {

/* Begin PBXBuildFile section */
		471DBB362170B4A100436857 /* AppDelegate.swift in Sources */ = {isa = PBXBuildFile; fileRef = 471DBB352170B4A100436857 /* AppDelegate.swift */; };
		471DBB3B2170B4A100436857 /* Main.storyboard in Resources */ = {isa = PBXBuildFile; fileRef = 471DBB392170B4A100436857 /* Main.storyboard */; };
		471DBB3E2170B4A100436857 /* Contacts.xcdatamodeld in Sources */ = {isa = PBXBuildFile; fileRef = 471DBB3C2170B4A100436857 /* Contacts.xcdatamodeld */; };
		471DBB402170B4A200436857 /* Assets.xcassets in Resources */ = {isa = PBXBuildFile; fileRef = 471DBB3F2170B4A200436857 /* Assets.xcassets */; };
		471DBB432170B4A200436857 /* LaunchScreen.storyboard in Resources */ = {isa = PBXBuildFile; fileRef = 471DBB412170B4A200436857 /* LaunchScreen.storyboard */; };
		471DBB4B2170B57900436857 /* Constants.swift in Sources */ = {isa = PBXBuildFile; fileRef = 471DBB4A2170B57900436857 /* Constants.swift */; };
		471DBB4E2170B8E200436857 /* SF-Pro-Text-Bold.otf in Resources */ = {isa = PBXBuildFile; fileRef = 471DBB4C2170B8E200436857 /* SF-Pro-Text-Bold.otf */; };
		471DBB4F2170B8E200436857 /* SF-Pro-Text-Regular.otf in Resources */ = {isa = PBXBuildFile; fileRef = 471DBB4D2170B8E200436857 /* SF-Pro-Text-Regular.otf */; };
		471DBB512170C1BE00436857 /* Extensions.swift in Sources */ = {isa = PBXBuildFile; fileRef = 471DBB502170C1BE00436857 /* Extensions.swift */; };
		471DBB552170C22C00436857 /* ListViewController.swift in Sources */ = {isa = PBXBuildFile; fileRef = 471DBB542170C22C00436857 /* ListViewController.swift */; };
		471DBB592170C26200436857 /* DetailsViewController.swift in Sources */ = {isa = PBXBuildFile; fileRef = 471DBB582170C26200436857 /* DetailsViewController.swift */; };
		471DBB5B2170DA7400436857 /* SF-Pro-Text-LightItalic.otf in Resources */ = {isa = PBXBuildFile; fileRef = 471DBB5A2170DA7400436857 /* SF-Pro-Text-LightItalic.otf */; };
		47BBF9F22170EB3F0070DB7B /* ListTableViewCell.swift in Sources */ = {isa = PBXBuildFile; fileRef = 47BBF9F12170EB3F0070DB7B /* ListTableViewCell.swift */; };
		47BBF9F42170F3510070DB7B /* AddViewController.swift in Sources */ = {isa = PBXBuildFile; fileRef = 47BBF9F32170F3510070DB7B /* AddViewController.swift */; };
		47BBF9F62171041A0070DB7B /* Contacts.json in Resources */ = {isa = PBXBuildFile; fileRef = 47BBF9F52171041A0070DB7B /* Contacts.json */; };
		47BBF9F8217131670070DB7B /* CircleView.swift in Sources */ = {isa = PBXBuildFile; fileRef = 47BBF9F7217131670070DB7B /* CircleView.swift */; };
/* End PBXBuildFile section */

/* Begin PBXFileReference section */
		471DBB322170B4A100436857 /* Contacts.app */ = {isa = PBXFileReference; explicitFileType = wrapper.application; includeInIndex = 0; path = Contacts.app; sourceTree = BUILT_PRODUCTS_DIR; };
		471DBB352170B4A100436857 /* AppDelegate.swift */ = {isa = PBXFileReference; lastKnownFileType = sourcecode.swift; path = AppDelegate.swift; sourceTree = "<group>"; };
		471DBB3A2170B4A100436857 /* Base */ = {isa = PBXFileReference; lastKnownFileType = file.storyboard; name = Base; path = Base.lproj/Main.storyboard; sourceTree = "<group>"; };
		471DBB3D2170B4A100436857 /* Contacts.xcdatamodel */ = {isa = PBXFileReference; lastKnownFileType = wrapper.xcdatamodel; path = Contacts.xcdatamodel; sourceTree = "<group>"; };
		471DBB3F2170B4A200436857 /* Assets.xcassets */ = {isa = PBXFileReference; lastKnownFileType = folder.assetcatalog; path = Assets.xcassets; sourceTree = "<group>"; };
		471DBB422170B4A200436857 /* Base */ = {isa = PBXFileReference; lastKnownFileType = file.storyboard; name = Base; path = Base.lproj/LaunchScreen.storyboard; sourceTree = "<group>"; };
		471DBB442170B4A200436857 /* Info.plist */ = {isa = PBXFileReference; lastKnownFileType = text.plist.xml; path = Info.plist; sourceTree = "<group>"; };
		471DBB4A2170B57900436857 /* Constants.swift */ = {isa = PBXFileReference; lastKnownFileType = sourcecode.swift; path = Constants.swift; sourceTree = "<group>"; };
		471DBB4C2170B8E200436857 /* SF-Pro-Text-Bold.otf */ = {isa = PBXFileReference; lastKnownFileType = file; path = "SF-Pro-Text-Bold.otf"; sourceTree = "<group>"; };
		471DBB4D2170B8E200436857 /* SF-Pro-Text-Regular.otf */ = {isa = PBXFileReference; lastKnownFileType = file; path = "SF-Pro-Text-Regular.otf"; sourceTree = "<group>"; };
		471DBB502170C1BE00436857 /* Extensions.swift */ = {isa = PBXFileReference; lastKnownFileType = sourcecode.swift; path = Extensions.swift; sourceTree = "<group>"; };
		471DBB542170C22C00436857 /* ListViewController.swift */ = {isa = PBXFileReference; lastKnownFileType = sourcecode.swift; path = ListViewController.swift; sourceTree = "<group>"; };
		471DBB582170C26200436857 /* DetailsViewController.swift */ = {isa = PBXFileReference; lastKnownFileType = sourcecode.swift; path = DetailsViewController.swift; sourceTree = "<group>"; };
		471DBB5A2170DA7400436857 /* SF-Pro-Text-LightItalic.otf */ = {isa = PBXFileReference; lastKnownFileType = file; path = "SF-Pro-Text-LightItalic.otf"; sourceTree = "<group>"; };
		47BBF9F12170EB3F0070DB7B /* ListTableViewCell.swift */ = {isa = PBXFileReference; lastKnownFileType = sourcecode.swift; path = ListTableViewCell.swift; sourceTree = "<group>"; };
		47BBF9F32170F3510070DB7B /* AddViewController.swift */ = {isa = PBXFileReference; lastKnownFileType = sourcecode.swift; path = AddViewController.swift; sourceTree = "<group>"; };
		47BBF9F52171041A0070DB7B /* Contacts.json */ = {isa = PBXFileReference; lastKnownFileType = text.json; path = Contacts.json; sourceTree = "<group>"; };
		47BBF9F7217131670070DB7B /* CircleView.swift */ = {isa = PBXFileReference; lastKnownFileType = sourcecode.swift; path = CircleView.swift; sourceTree = "<group>"; };
/* End PBXFileReference section */

/* Begin PBXFrameworksBuildPhase section */
		471DBB2F2170B4A100436857 /* Frameworks */ = {
			isa = PBXFrameworksBuildPhase;
			buildActionMask = 2147483647;
			files = (
			);
			runOnlyForDeploymentPostprocessing = 0;
		};
/* End PBXFrameworksBuildPhase section */

/* Begin PBXGroup section */
		471DBB292170B4A100436857 = {
			isa = PBXGroup;
			children = (
				471DBB342170B4A100436857 /* Contacts */,
				471DBB332170B4A100436857 /* Products */,
			);
			sourceTree = "<group>";
		};
		471DBB332170B4A100436857 /* Products */ = {
			isa = PBXGroup;
			children = (
				471DBB322170B4A100436857 /* Contacts.app */,
			);
			name = Products;
			sourceTree = "<group>";
		};
		471DBB342170B4A100436857 /* Contacts */ = {
			isa = PBXGroup;
			children = (
				471DBB352170B4A100436857 /* AppDelegate.swift */,
				471DBB4A2170B57900436857 /* Constants.swift */,
				471DBB502170C1BE00436857 /* Extensions.swift */,
				471DBB542170C22C00436857 /* ListViewController.swift */,
				47BBF9F12170EB3F0070DB7B /* ListTableViewCell.swift */,
				47BBF9F7217131670070DB7B /* CircleView.swift */,
				47BBF9F32170F3510070DB7B /* AddViewController.swift */,
				471DBB582170C26200436857 /* DetailsViewController.swift */,
				471DBB392170B4A100436857 /* Main.storyboard */,
				471DBB412170B4A200436857 /* LaunchScreen.storyboard */,
				471DBB3F2170B4A200436857 /* Assets.xcassets */,
				471DBB4C2170B8E200436857 /* SF-Pro-Text-Bold.otf */,
				471DBB4D2170B8E200436857 /* SF-Pro-Text-Regular.otf */,
				471DBB5A2170DA7400436857 /* SF-Pro-Text-LightItalic.otf */,
				471DBB442170B4A200436857 /* Info.plist */,
				47BBF9F52171041A0070DB7B /* Contacts.json */,
				471DBB3C2170B4A100436857 /* Contacts.xcdatamodeld */,
			);
			path = Contacts;
			sourceTree = "<group>";
		};
/* End PBXGroup section */

/* Begin PBXNativeTarget section */
		471DBB312170B4A100436857 /* Contacts */ = {
			isa = PBXNativeTarget;
			buildConfigurationList = 471DBB472170B4A200436857 /* Build configuration list for PBXNativeTarget "Contacts" */;
			buildPhases = (
				471DBB2E2170B4A100436857 /* Sources */,
				471DBB2F2170B4A100436857 /* Frameworks */,
				471DBB302170B4A100436857 /* Resources */,
			);
			buildRules = (
			);
			dependencies = (
			);
			name = Contacts;
			productName = Contacts;
			productReference = 471DBB322170B4A100436857 /* Contacts.app */;
			productType = "com.apple.product-type.application";
		};
/* End PBXNativeTarget section */

/* Begin PBXProject section */
		471DBB2A2170B4A100436857 /* Project object */ = {
			isa = PBXProject;
			attributes = {
				LastSwiftUpdateCheck = 1000;
				LastUpgradeCheck = 1000;
				ORGANIZATIONNAME = "Aleksandr Tsebrii";
				TargetAttributes = {
					471DBB312170B4A100436857 = {
						CreatedOnToolsVersion = 10.0;
					};
				};
			};
			buildConfigurationList = 471DBB2D2170B4A100436857 /* Build configuration list for PBXProject "Contacts" */;
			compatibilityVersion = "Xcode 9.3";
			developmentRegion = en;
			hasScannedForEncodings = 0;
			knownRegions = (
				en,
				Base,
			);
			mainGroup = 471DBB292170B4A100436857;
			productRefGroup = 471DBB332170B4A100436857 /* Products */;
			projectDirPath = "";
			projectRoot = "";
			targets = (
				471DBB312170B4A100436857 /* Contacts */,
			);
		};
/* End PBXProject section */

/* Begin PBXResourcesBuildPhase section */
		471DBB302170B4A100436857 /* Resources */ = {
			isa = PBXResourcesBuildPhase;
			buildActionMask = 2147483647;
			files = (
				471DBB432170B4A200436857 /* LaunchScreen.storyboard in Resources */,
				471DBB4F2170B8E200436857 /* SF-Pro-Text-Regular.otf in Resources */,
				471DBB402170B4A200436857 /* Assets.xcassets in Resources */,
				47BBF9F62171041A0070DB7B /* Contacts.json in Resources */,
				471DBB4E2170B8E200436857 /* SF-Pro-Text-Bold.otf in Resources */,
				471DBB5B2170DA7400436857 /* SF-Pro-Text-LightItalic.otf in Resources */,
				471DBB3B2170B4A100436857 /* Main.storyboard in Resources */,
			);
			runOnlyForDeploymentPostprocessing = 0;
		};
/* End PBXResourcesBuildPhase section */

/* Begin PBXSourcesBuildPhase section */
		471DBB2E2170B4A100436857 /* Sources */ = {
			isa = PBXSourcesBuildPhase;
			buildActionMask = 2147483647;
			files = (
				47BBF9F8217131670070DB7B /* CircleView.swift in Sources */,
				471DBB362170B4A100436857 /* AppDelegate.swift in Sources */,
				47BBF9F22170EB3F0070DB7B /* ListTableViewCell.swift in Sources */,
				47BBF9F42170F3510070DB7B /* AddViewController.swift in Sources */,
				471DBB3E2170B4A100436857 /* Contacts.xcdatamodeld in Sources */,
				471DBB4B2170B57900436857 /* Constants.swift in Sources */,
				471DBB592170C26200436857 /* DetailsViewController.swift in Sources */,
				471DBB552170C22C00436857 /* ListViewController.swift in Sources */,
				471DBB512170C1BE00436857 /* Extensions.swift in Sources */,
			);
			runOnlyForDeploymentPostprocessing = 0;
		};
/* End PBXSourcesBuildPhase section */

/* Begin PBXVariantGroup section */
		471DBB392170B4A100436857 /* Main.storyboard */ = {
			isa = PBXVariantGroup;
			children = (
				471DBB3A2170B4A100436857 /* Base */,
			);
			name = Main.storyboard;
			sourceTree = "<group>";
		};
		471DBB412170B4A200436857 /* LaunchScreen.storyboard */ = {
			isa = PBXVariantGroup;
			children = (
				471DBB422170B4A200436857 /* Base */,
			);
			name = LaunchScreen.storyboard;
			sourceTree = "<group>";
		};
/* End PBXVariantGroup section */

/* Begin XCBuildConfiguration section */
		471DBB452170B4A200436857 /* Debug */ = {
			isa = XCBuildConfiguration;
			buildSettings = {
				ALWAYS_SEARCH_USER_PATHS = NO;
				CLANG_ANALYZER_NONNULL = YES;
				CLANG_ANALYZER_NUMBER_OBJECT_CONVERSION = YES_AGGRESSIVE;
				CLANG_CXX_LANGUAGE_STANDARD = "gnu++14";
				CLANG_CXX_LIBRARY = "libc++";
				CLANG_ENABLE_MODULES = YES;
				CLANG_ENABLE_OBJC_ARC = YES;
				CLANG_ENABLE_OBJC_WEAK = YES;
				CLANG_WARN_BLOCK_CAPTURE_AUTORELEASING = YES;
				CLANG_WARN_BOOL_CONVERSION = YES;
				CLANG_WARN_COMMA = YES;
				CLANG_WARN_CONSTANT_CONVERSION = YES;
				CLANG_WARN_DEPRECATED_OBJC_IMPLEMENTATIONS = YES;
				CLANG_WARN_DIRECT_OBJC_ISA_USAGE = YES_ERROR;
				CLANG_WARN_DOCUMENTATION_COMMENTS = YES;
				CLANG_WARN_EMPTY_BODY = YES;
				CLANG_WARN_ENUM_CONVERSION = YES;
				CLANG_WARN_INFINITE_RECURSION = YES;
				CLANG_WARN_INT_CONVERSION = YES;
				CLANG_WARN_NON_LITERAL_NULL_CONVERSION = YES;
				CLANG_WARN_OBJC_IMPLICIT_RETAIN_SELF = YES;
				CLANG_WARN_OBJC_LITERAL_CONVERSION = YES;
				CLANG_WARN_OBJC_ROOT_CLASS = YES_ERROR;
				CLANG_WARN_RANGE_LOOP_ANALYSIS = YES;
				CLANG_WARN_STRICT_PROTOTYPES = YES;
				CLANG_WARN_SUSPICIOUS_MOVE = YES;
				CLANG_WARN_UNGUARDED_AVAILABILITY = YES_AGGRESSIVE;
				CLANG_WARN_UNREACHABLE_CODE = YES;
				CLANG_WARN__DUPLICATE_METHOD_MATCH = YES;
				CODE_SIGN_IDENTITY = "iPhone Developer";
				COPY_PHASE_STRIP = NO;
				DEBUG_INFORMATION_FORMAT = dwarf;
				ENABLE_STRICT_OBJC_MSGSEND = YES;
				ENABLE_TESTABILITY = YES;
				GCC_C_LANGUAGE_STANDARD = gnu11;
				GCC_DYNAMIC_NO_PIC = NO;
				GCC_NO_COMMON_BLOCKS = YES;
				GCC_OPTIMIZATION_LEVEL = 0;
				GCC_PREPROCESSOR_DEFINITIONS = (
					"DEBUG=1",
					"$(inherited)",
				);
				GCC_WARN_64_TO_32_BIT_CONVERSION = YES;
				GCC_WARN_ABOUT_RETURN_TYPE = YES_ERROR;
				GCC_WARN_UNDECLARED_SELECTOR = YES;
				GCC_WARN_UNINITIALIZED_AUTOS = YES_AGGRESSIVE;
				GCC_WARN_UNUSED_FUNCTION = YES;
				GCC_WARN_UNUSED_VARIABLE = YES;
				IPHONEOS_DEPLOYMENT_TARGET = 12.0;
				MTL_ENABLE_DEBUG_INFO = INCLUDE_SOURCE;
				MTL_FAST_MATH = YES;
				ONLY_ACTIVE_ARCH = YES;
				SDKROOT = iphoneos;
				SWIFT_ACTIVE_COMPILATION_CONDITIONS = DEBUG;
				SWIFT_OPTIMIZATION_LEVEL = "-Onone";
			};
			name = Debug;
		};
		471DBB462170B4A200436857 /* Release */ = {
			isa = XCBuildConfiguration;
			buildSettings = {
				ALWAYS_SEARCH_USER_PATHS = NO;
				CLANG_ANALYZER_NONNULL = YES;
				CLANG_ANALYZER_NUMBER_OBJECT_CONVERSION = YES_AGGRESSIVE;
				CLANG_CXX_LANGUAGE_STANDARD = "gnu++14";
				CLANG_CXX_LIBRARY = "libc++";
				CLANG_ENABLE_MODULES = YES;
				CLANG_ENABLE_OBJC_ARC = YES;
				CLANG_ENABLE_OBJC_WEAK = YES;
				CLANG_WARN_BLOCK_CAPTURE_AUTORELEASING = YES;
				CLANG_WARN_BOOL_CONVERSION = YES;
				CLANG_WARN_COMMA = YES;
				CLANG_WARN_CONSTANT_CONVERSION = YES;
				CLANG_WARN_DEPRECATED_OBJC_IMPLEMENTATIONS = YES;
				CLANG_WARN_DIRECT_OBJC_ISA_USAGE = YES_ERROR;
				CLANG_WARN_DOCUMENTATION_COMMENTS = YES;
				CLANG_WARN_EMPTY_BODY = YES;
				CLANG_WARN_ENUM_CONVERSION = YES;
				CLANG_WARN_INFINITE_RECURSION = YES;
				CLANG_WARN_INT_CONVERSION = YES;
				CLANG_WARN_NON_LITERAL_NULL_CONVERSION = YES;
				CLANG_WARN_OBJC_IMPLICIT_RETAIN_SELF = YES;
				CLANG_WARN_OBJC_LITERAL_CONVERSION = YES;
				CLANG_WARN_OBJC_ROOT_CLASS = YES_ERROR;
				CLANG_WARN_RANGE_LOOP_ANALYSIS = YES;
				CLANG_WARN_STRICT_PROTOTYPES = YES;
				CLANG_WARN_SUSPICIOUS_MOVE = YES;
				CLANG_WARN_UNGUARDED_AVAILABILITY = YES_AGGRESSIVE;
				CLANG_WARN_UNREACHABLE_CODE = YES;
				CLANG_WARN__DUPLICATE_METHOD_MATCH = YES;
				CODE_SIGN_IDENTITY = "iPhone Developer";
				COPY_PHASE_STRIP = NO;
				DEBUG_INFORMATION_FORMAT = "dwarf-with-dsym";
				ENABLE_NS_ASSERTIONS = NO;
				ENABLE_STRICT_OBJC_MSGSEND = YES;
				GCC_C_LANGUAGE_STANDARD = gnu11;
				GCC_NO_COMMON_BLOCKS = YES;
				GCC_WARN_64_TO_32_BIT_CONVERSION = YES;
				GCC_WARN_ABOUT_RETURN_TYPE = YES_ERROR;
				GCC_WARN_UNDECLARED_SELECTOR = YES;
				GCC_WARN_UNINITIALIZED_AUTOS = YES_AGGRESSIVE;
				GCC_WARN_UNUSED_FUNCTION = YES;
				GCC_WARN_UNUSED_VARIABLE = YES;
				IPHONEOS_DEPLOYMENT_TARGET = 12.0;
				MTL_ENABLE_DEBUG_INFO = NO;
				MTL_FAST_MATH = YES;
				SDKROOT = iphoneos;
				SWIFT_COMPILATION_MODE = wholemodule;
				SWIFT_OPTIMIZATION_LEVEL = "-O";
				VALIDATE_PRODUCT = YES;
			};
			name = Release;
		};
		471DBB482170B4A200436857 /* Debug */ = {
			isa = XCBuildConfiguration;
			buildSettings = {
				ASSETCATALOG_COMPILER_APPICON_NAME = AppIcon;
				CODE_SIGN_STYLE = Automatic;
				INFOPLIST_FILE = Contacts/Info.plist;
				LD_RUNPATH_SEARCH_PATHS = (
					"$(inherited)",
					"@executable_path/Frameworks",
				);
				PRODUCT_BUNDLE_IDENTIFIER = aleksandr.tsebrii.Contacts;
				PRODUCT_NAME = "$(TARGET_NAME)";
				SWIFT_VERSION = 4.2;
				TARGETED_DEVICE_FAMILY = "1,2";
			};
			name = Debug;
		};
		471DBB492170B4A200436857 /* Release */ = {
			isa = XCBuildConfiguration;
			buildSettings = {
				ASSETCATALOG_COMPILER_APPICON_NAME = AppIcon;
				CODE_SIGN_STYLE = Automatic;
				INFOPLIST_FILE = Contacts/Info.plist;
				LD_RUNPATH_SEARCH_PATHS = (
					"$(inherited)",
					"@executable_path/Frameworks",
				);
				PRODUCT_BUNDLE_IDENTIFIER = aleksandr.tsebrii.Contacts;
				PRODUCT_NAME = "$(TARGET_NAME)";
				SWIFT_VERSION = 4.2;
				TARGETED_DEVICE_FAMILY = "1,2";
			};
			name = Release;
		};
/* End XCBuildConfiguration section */

/* Begin XCConfigurationList section */
		471DBB2D2170B4A100436857 /* Build configuration list for PBXProject "Contacts" */ = {
			isa = XCConfigurationList;
			buildConfigurations = (
				471DBB452170B4A200436857 /* Debug */,
				471DBB462170B4A200436857 /* Release */,
			);
			defaultConfigurationIsVisible = 0;
			defaultConfigurationName = Release;
		};
		471DBB472170B4A200436857 /* Build configuration list for PBXNativeTarget "Contacts" */ = {
			isa = XCConfigurationList;
			buildConfigurations = (
				471DBB482170B4A200436857 /* Debug */,
				471DBB492170B4A200436857 /* Release */,
			);
			defaultConfigurationIsVisible = 0;
			defaultConfigurationName = Release;
		};
/* End XCConfigurationList section */

/* Begin XCVersionGroup section */
		471DBB3C2170B4A100436857 /* Contacts.xcdatamodeld */ = {
			isa = XCVersionGroup;
			children = (
				471DBB3D2170B4A100436857 /* Contacts.xcdatamodel */,
			);
			currentVersion = 471DBB3D2170B4A100436857 /* Contacts.xcdatamodel */;
			path = Contacts.xcdatamodeld;
			sourceTree = "<group>";
			versionGroupType = wrapper.xcdatamodel;
		};
/* End XCVersionGroup section */
	};
	rootObject = 471DBB2A2170B4A100436857 /* Project object */;
}
